
Microsoft Visual Studio Solution File, Format Version 12.00
# Visual Studio 15
VisualStudioVersion = 15.0.28307.168
MinimumVisualStudioVersion = 10.0.40219.1
Project("{FAE04EC0-301F-11D3-BF4B-00C04F79EFBC}") = "FaroShuffle", "FaroShuffle\FaroShuffle.csproj", "{93341519-D2FB-4357-B320-4DC48BFF8BC4}"
EndProject
Global
	GlobalSection(SolutionConfigurationPlatforms) = preSolution
		Debug|Any CPU = Debug|Any CPU
		Release|Any CPU = Release|Any CPU
	EndGlobalSection
	GlobalSection(ProjectConfigurationPlatforms) = postSolution
		{93341519-D2FB-4357-B320-4DC48BFF8BC4}.Debug|Any CPU.ActiveCfg = Debug|Any CPU
		{93341519-D2FB-4357-B320-4DC48BFF8BC4}.Debug|Any CPU.Build.0 = Debug|Any CPU
		{93341519-D2FB-4357-B320-4DC48BFF8BC4}.Release|Any CPU.ActiveCfg = Release|Any CPU
		{93341519-D2FB-4357-B320-4DC48BFF8BC4}.Release|Any CPU.Build.0 = Release|Any CPU
	EndGlobalSection
	GlobalSection(SolutionProperties) = preSolution
		HideSolutionNode = FALSE
	EndGlobalSection
	GlobalSection(ExtensibilityGlobals) = postSolution
		SolutionGuid = {EC849B63-64E3-4FFD-BD7A-ABAFB061E9FE}
	EndGlobalSection
EndGlobal
